lockfileVersion: 5.3

specifiers:
  tslab: ^1.0.15
  typescript: ^4.5.5

dependencies:
  tslab: registry.npmjs.org/tslab/1.0.15
  typescript: registry.npmjs.org/typescript/4.5.5

packages:

  registry.npmjs.org/@rollup/plugin-commonjs/13.0.2_rollup@2.67.0:
    resolution: {integrity: sha512-9JXf2k8xqvMYfqmhgtB6eCgMN9fbxwF1XDF3mGKJc6pkAmt0jnsqurxQ0tC1akQKNSXCm7c3unQxa3zuxtZ7mQ==, registry: https://registry.npmjs.com/, tarball: https://registry.npmjs.org/@rollup/plugin-commonjs/-/plugin-commonjs-13.0.2.tgz}
    id: registry.npmjs.org/@rollup/plugin-commonjs/13.0.2
    name: '@rollup/plugin-commonjs'
    version: 13.0.2
    engines: {node: '>= 8.0.0'}
    peerDependencies:
      rollup: ^2.3.4
    dependencies:
      '@rollup/pluginutils': registry.npmjs.org/@rollup/pluginutils/3.1.0_rollup@2.67.0
      commondir: registry.npmjs.org/commondir/1.0.1
      estree-walker: registry.npmjs.org/estree-walker/1.0.1
      glob: registry.npmjs.org/glob/7.2.0
      is-reference: registry.npmjs.org/is-reference/1.2.1
      magic-string: registry.npmjs.org/magic-string/0.25.7
      resolve: registry.npmjs.org/resolve/1.22.0
      rollup: registry.npmjs.org/rollup/2.67.0
    dev: false

  registry.npmjs.org/@rollup/plugin-node-resolve/11.2.1_rollup@2.67.0:
    resolution: {integrity: sha512-yc2n43jcqVyGE2sqV5/YCmocy9ArjVAP/BeXyTtADTBBX6V0e5UMqwO8CdQ0kzjb6zu5P1qMzsScCMRvE9OlVg==, registry: https://registry.npmjs.com/, tarball: https://registry.npmjs.org/@rollup/plugin-node-resolve/-/plugin-node-resolve-11.2.1.tgz}
    id: registry.npmjs.org/@rollup/plugin-node-resolve/11.2.1
    name: '@rollup/plugin-node-resolve'
    version: 11.2.1
    engines: {node: '>= 10.0.0'}
    peerDependencies:
      rollup: ^1.20.0||^2.0.0
    dependencies:
      '@rollup/pluginutils': registry.npmjs.org/@rollup/pluginutils/3.1.0_rollup@2.67.0
      '@types/resolve': registry.npmjs.org/@types/resolve/1.17.1
      builtin-modules: registry.npmjs.org/builtin-modules/3.2.0
      deepmerge: registry.npmjs.org/deepmerge/4.2.2
      is-module: registry.npmjs.org/is-module/1.0.0
      resolve: registry.npmjs.org/resolve/1.22.0
      rollup: registry.npmjs.org/rollup/2.67.0
    dev: false

  registry.npmjs.org/@rollup/plugin-replace/2.4.2_rollup@2.67.0:
    resolution: {integrity: sha512-IGcu+cydlUMZ5En85jxHH4qj2hta/11BHq95iHEyb2sbgiN0eCdzvUcHw5gt9pBL5lTi4JDYJ1acCoMGpTvEZg==, registry: https://registry.npmjs.com/, tarball: https://registry.npmjs.org/@rollup/plugin-replace/-/plugin-replace-2.4.2.tgz}
    id: registry.npmjs.org/@rollup/plugin-replace/2.4.2
    name: '@rollup/plugin-replace'
    version: 2.4.2
    peerDependencies:
      rollup: ^1.20.0 || ^2.0.0
    dependencies:
      '@rollup/pluginutils': registry.npmjs.org/@rollup/pluginutils/3.1.0_rollup@2.67.0
      magic-string: registry.npmjs.org/magic-string/0.25.7
      rollup: registry.npmjs.org/rollup/2.67.0
    dev: false

  registry.npmjs.org/@rollup/pluginutils/3.1.0_rollup@2.67.0:
    resolution: {integrity: sha512-GksZ6pr6TpIjHm8h9lSQ8pi8BE9VeubNT0OMJ3B5uZJ8pz73NPiqOtCog/x2/QzM1ENChPKxMDhiQuRHsqc+lg==, registry: https://registry.npmjs.com/, tarball: https://registry.npmjs.org/@rollup/pluginutils/-/pluginutils-3.1.0.tgz}
    id: registry.npmjs.org/@rollup/pluginutils/3.1.0
    name: '@rollup/pluginutils'
    version: 3.1.0
    engines: {node: '>= 8.0.0'}
    peerDependencies:
      rollup: ^1.20.0||^2.0.0
    dependencies:
      '@types/estree': registry.npmjs.org/@types/estree/0.0.39
      estree-walker: registry.npmjs.org/estree-walker/1.0.1
      picomatch: registry.npmjs.org/picomatch/2.3.1
      rollup: registry.npmjs.org/rollup/2.67.0
    dev: false

  registry.npmjs.org/@tslab/typescript-for-tslab/4.1.2:
    resolution: {integrity: sha512-3h/9/y5B0i4LHzqGPi+fsvEvu4nO/2UQwUVTiSBly8j8yZ6BFRe1i9Mi9IHOL6UIoTIipGu/DcqBPfzzQncgqQ==, registry: https://registry.npmjs.com/, tarball: https://registry.npmjs.org/@tslab/typescript-for-tslab/-/typescript-for-tslab-4.1.2.tgz}
    name: '@tslab/typescript-for-tslab'
    version: 4.1.2
    engines: {node: '>=4.2.0'}
    hasBin: true
    dev: false

  registry.npmjs.org/@types/estree/0.0.39:
    resolution: {integrity: sha512-EYNwp3bU+98cpU4lAWYYL7Zz+2gryWH1qbdDTidVd6hkiR6weksdbMadyXKXNPEkQFhXM+hVO9ZygomHXp+AIw==, registry: https://registry.npmjs.com/, tarball: https://registry.npmjs.org/@types/estree/-/estree-0.0.39.tgz}
    name: '@types/estree'
    version: 0.0.39
    dev: false

  registry.npmjs.org/@types/estree/0.0.50:
    resolution: {integrity: sha512-C6N5s2ZFtuZRj54k2/zyRhNDjJwwcViAM3Nbm8zjBpbqAdZ00mr0CFxvSKeO8Y/e03WVFLpQMdHYVfUd6SB+Hw==, registry: https://registry.npmjs.com/, tarball: https://registry.npmjs.org/@types/estree/-/estree-0.0.50.tgz}
    name: '@types/estree'
    version: 0.0.50
    dev: false

  registry.npmjs.org/@types/node/14.18.10:
    resolution: {integrity: sha512-6iihJ/Pp5fsFJ/aEDGyvT4pHGmCpq7ToQ/yf4bl5SbVAvwpspYJ+v3jO7n8UyjhQVHTy+KNszOozDdv+O6sovQ==, registry: https://registry.npmjs.com/, tarball: https://registry.npmjs.org/@types/node/-/node-14.18.10.tgz}
    name: '@types/node'
    version: 14.18.10
    dev: false

  registry.npmjs.org/@types/resolve/1.17.1:
    resolution: {integrity: sha512-yy7HuzQhj0dhGpD8RLXSZWEkLsV9ibvxvi6EiJ3bkqLAO1RGo0WbkWQiwpRlSFymTJRz0d3k5LM3kkx8ArDbLw==, registry: https://registry.npmjs.com/, tarball: https://registry.npmjs.org/@types/resolve/-/resolve-1.17.1.tgz}
    name: '@types/resolve'
    version: 1.17.1
    dependencies:
      '@types/node': registry.npmjs.org/@types/node/14.18.10
    dev: false

  registry.npmjs.org/balanced-match/1.0.2:
    resolution: {integrity: sha512-3oSeUO0TMV67hN1AmbXsK4yaqU7tjiHlbxRDZOpH0KW9+CeX4bRAaX0Anxt0tx2MrpRpWwQaPwIlISEJhYU5Pw==, registry: https://registry.npmjs.com/, tarball: https://registry.npmjs.org/balanced-match/-/balanced-match-1.0.2.tgz}
    name: balanced-match
    version: 1.0.2
    dev: false

  registry.npmjs.org/brace-expansion/1.1.11:
    resolution: {integrity: sha512-iCuPHDFgrHX7H2vEI/5xpz07zSHB00TpugqhmYtVmMO6518mCuRMoOYFldEBl0g187ufozdaHgWKcYFb61qGiA==, registry: https://registry.npmjs.com/, tarball: https://registry.npmjs.org/brace-expansion/-/brace-expansion-1.1.11.tgz}
    name: brace-expansion
    version: 1.1.11
    dependencies:
      balanced-match: registry.npmjs.org/balanced-match/1.0.2
      concat-map: registry.npmjs.org/concat-map/0.0.1
    dev: false

  registry.npmjs.org/builtin-modules/3.2.0:
    resolution: {integrity: sha512-lGzLKcioL90C7wMczpkY0n/oART3MbBa8R9OFGE1rJxoVI86u4WAGfEk8Wjv10eKSyTHVGkSo3bvBylCEtk7LA==, registry: https://registry.npmjs.com/, tarball: https://registry.npmjs.org/builtin-modules/-/builtin-modules-3.2.0.tgz}
    name: builtin-modules
    version: 3.2.0
    engines: {node: '>=6'}
    dev: false

  registry.npmjs.org/commander/6.2.1:
    resolution: {integrity: sha512-U7VdrJFnJgo4xjrHpTzu0yrHPGImdsmD95ZlgYSEajAn2JKzDhDTPG9kBTefmObL2w/ngeZnilk+OV9CG3d7UA==, registry: https://registry.npmjs.com/, tarball: https://registry.npmjs.org/commander/-/commander-6.2.1.tgz}
    name: commander
    version: 6.2.1
    engines: {node: '>= 6'}
    dev: false

  registry.npmjs.org/commondir/1.0.1:
    resolution: {integrity: sha1-3dgA2gxmEnOTzKWVDqloo6rxJTs=, registry: https://registry.npmjs.com/, tarball: https://registry.npmjs.org/commondir/-/commondir-1.0.1.tgz}
    name: commondir
    version: 1.0.1
    dev: false

  registry.npmjs.org/concat-map/0.0.1:
    resolution: {integrity: sha1-2Klr13/Wjfd5OnMDajug1UBdR3s=, registry: https://registry.npmjs.com/, tarball: https://registry.npmjs.org/concat-map/-/concat-map-0.0.1.tgz}
    name: concat-map
    version: 0.0.1
    dev: false

  registry.npmjs.org/deepmerge/4.2.2:
    resolution: {integrity: sha512-FJ3UgI4gIl+PHZm53knsuSFpE+nESMr7M4v9QcgB7S63Kj/6WqMiFQJpBBYz1Pt+66bZpP3Q7Lye0Oo9MPKEdg==, registry: https://registry.npmjs.com/, tarball: https://registry.npmjs.org/deepmerge/-/deepmerge-4.2.2.tgz}
    name: deepmerge
    version: 4.2.2
    engines: {node: '>=0.10.0'}
    dev: false

  registry.npmjs.org/estree-walker/1.0.1:
    resolution: {integrity: sha512-1fMXF3YP4pZZVozF8j/ZLfvnR8NSIljt56UhbZ5PeeDmmGHpgpdwQt7ITlGvYaQukCvuBRMLEiKiYC+oeIg4cg==, registry: https://registry.npmjs.com/, tarball: https://registry.npmjs.org/estree-walker/-/estree-walker-1.0.1.tgz}
    name: estree-walker
    version: 1.0.1
    dev: false

  registry.npmjs.org/fs.realpath/1.0.0:
    resolution: {integrity: sha1-FQStJSMVjKpA20onh8sBQRmU6k8=, registry: https://registry.npmjs.com/, tarball: https://registry.npmjs.org/fs.realpath/-/fs.realpath-1.0.0.tgz}
    name: fs.realpath
    version: 1.0.0
    dev: false

  registry.npmjs.org/fsevents/2.3.2:
    resolution: {integrity: sha512-xiqMQR4xAeHTuB9uWm+fFRcIOgKBMiOBP+eXiyT7jsgVCq1bkVygt00oASowB7EdtpOHaaPgKt812P9ab+DDKA==, registry: https://registry.npmjs.com/, tarball: https://registry.npmjs.org/fsevents/-/fsevents-2.3.2.tgz}
    name: fsevents
    version: 2.3.2
    engines: {node: ^8.16.0 || ^10.6.0 || >=11.0.0}
    os: [darwin]
    requiresBuild: true
    dev: false
    optional: true

  registry.npmjs.org/function-bind/1.1.1:
    resolution: {integrity: sha512-yIovAzMX49sF8Yl58fSCWJ5svSLuaibPxXQJFLmBObTuCr0Mf1KiPopGM9NiFjiYBCbfaa2Fh6breQ6ANVTI0A==, registry: https://registry.npmjs.com/, tarball: https://registry.npmjs.org/function-bind/-/function-bind-1.1.1.tgz}
    name: function-bind
    version: 1.1.1
    dev: false

  registry.npmjs.org/glob/7.2.0:
    resolution: {integrity: sha512-lmLf6gtyrPq8tTjSmrO94wBeQbFR3HbLHbuyD69wuyQkImp2hWqMGB47OX65FBkPffO641IP9jWa1z4ivqG26Q==, registry: https://registry.npmjs.com/, tarball: https://registry.npmjs.org/glob/-/glob-7.2.0.tgz}
    name: glob
    version: 7.2.0
    dependencies:
      fs.realpath: registry.npmjs.org/fs.realpath/1.0.0
      inflight: registry.npmjs.org/inflight/1.0.6
      inherits: registry.npmjs.org/inherits/2.0.4
      minimatch: registry.npmjs.org/minimatch/3.0.4
      once: registry.npmjs.org/once/1.4.0
      path-is-absolute: registry.npmjs.org/path-is-absolute/1.0.1
    dev: false

  registry.npmjs.org/has/1.0.3:
    resolution: {integrity: sha512-f2dvO0VU6Oej7RkWJGrehjbzMAjFp5/VKPp5tTpWIV4JHHZK1/BxbFRtf/siA2SWTe09caDmVtYYzWEIbBS4zw==, registry: https://registry.npmjs.com/, tarball: https://registry.npmjs.org/has/-/has-1.0.3.tgz}
    name: has
    version: 1.0.3
    engines: {node: '>= 0.4.0'}
    dependencies:
      function-bind: registry.npmjs.org/function-bind/1.1.1
    dev: false

  registry.npmjs.org/inflight/1.0.6:
    resolution: {integrity: sha1-Sb1jMdfQLQwJvJEKEHW6gWW1bfk=, registry: https://registry.npmjs.com/, tarball: https://registry.npmjs.org/inflight/-/inflight-1.0.6.tgz}
    name: inflight
    version: 1.0.6
    dependencies:
      once: registry.npmjs.org/once/1.4.0
      wrappy: registry.npmjs.org/wrappy/1.0.2
    dev: false

  registry.npmjs.org/inherits/2.0.4:
    resolution: {integrity: sha512-k/vGaX4/Yla3WzyMCvTQOXYeIHvqOKtnqBduzTHpzpQZzAskKMhZ2K+EnBiSM9zGSoIFeMpXKxa4dYeZIQqewQ==, registry: https://registry.npmjs.com/, tarball: https://registry.npmjs.org/inherits/-/inherits-2.0.4.tgz}
    name: inherits
    version: 2.0.4
    dev: false

  registry.npmjs.org/is-core-module/2.8.1:
    resolution: {integrity: sha512-SdNCUs284hr40hFTFP6l0IfZ/RSrMXF3qgoRHd3/79unUTvrFO/JoXwkGm+5J/Oe3E/b5GsnG330uUNgRpu1PA==, registry: https://registry.npmjs.com/, tarball: https://registry.npmjs.org/is-core-module/-/is-core-module-2.8.1.tgz}
    name: is-core-module
    version: 2.8.1
    dependencies:
      has: registry.npmjs.org/has/1.0.3
    dev: false

  registry.npmjs.org/is-module/1.0.0:
    resolution: {integrity: sha1-Mlj7afeMFNW4FdZkM2tM/7ZEFZE=, registry: https://registry.npmjs.com/, tarball: https://registry.npmjs.org/is-module/-/is-module-1.0.0.tgz}
    name: is-module
    version: 1.0.0
    dev: false

  registry.npmjs.org/is-reference/1.2.1:
    resolution: {integrity: sha512-U82MsXXiFIrjCK4otLT+o2NA2Cd2g5MLoOVXUZjIOhLurrRxpEXzI8O0KZHr3IjLvlAH1kTPYSuqer5T9ZVBKQ==, registry: https://registry.npmjs.com/, tarball: https://registry.npmjs.org/is-reference/-/is-reference-1.2.1.tgz}
    name: is-reference
    version: 1.2.1
    dependencies:
      '@types/estree': registry.npmjs.org/@types/estree/0.0.50
    dev: false

  registry.npmjs.org/lru-cache/6.0.0:
    resolution: {integrity: sha512-Jo6dJ04CmSjuznwJSS3pUeWmd/H0ffTlkXXgwZi+eq1UCmqQwCh+eLsYOYCwY991i2Fah4h1BEMCx4qThGbsiA==, registry: https://registry.npmjs.com/, tarball: https://registry.npmjs.org/lru-cache/-/lru-cache-6.0.0.tgz}
    name: lru-cache
    version: 6.0.0
    engines: {node: '>=10'}
    dependencies:
      yallist: registry.npmjs.org/yallist/4.0.0
    dev: false

  registry.npmjs.org/magic-string/0.25.7:
    resolution: {integrity: sha512-4CrMT5DOHTDk4HYDlzmwu4FVCcIYI8gauveasrdCu2IKIFOJ3f0v/8MDGJCDL9oD2ppz/Av1b0Nj345H9M+XIA==, registry: https://registry.npmjs.com/, tarball: https://registry.npmjs.org/magic-string/-/magic-string-0.25.7.tgz}
    name: magic-string
    version: 0.25.7
    dependencies:
      sourcemap-codec: registry.npmjs.org/sourcemap-codec/1.4.8
    dev: false

  registry.npmjs.org/minimatch/3.0.4:
    resolution: {integrity: sha512-yJHVQEhyqPLUTgt9B83PXu6W3rx4MvvHvSUvToogpwoGDOUQ+yDrR0HRot+yOCdCO7u4hX3pWft6kWBBcqh0UA==, registry: https://registry.npmjs.com/, tarball: https://registry.npmjs.org/minimatch/-/minimatch-3.0.4.tgz}
    name: minimatch
    version: 3.0.4
    dependencies:
      brace-expansion: registry.npmjs.org/brace-expansion/1.1.11
    dev: false

  registry.npmjs.org/node-gyp-build/4.3.0:
    resolution: {integrity: sha512-iWjXZvmboq0ja1pUGULQBexmxq8CV4xBhX7VDOTbL7ZR4FOowwY/VOtRxBN/yKxmdGoIp4j5ysNT4u3S2pDQ3Q==, registry: https://registry.npmjs.com/, tarball: https://registry.npmjs.org/node-gyp-build/-/node-gyp-build-4.3.0.tgz}
    name: node-gyp-build
    version: 4.3.0
    hasBin: true
    dev: false

  registry.npmjs.org/once/1.4.0:
    resolution: {integrity: sha1-WDsap3WWHUsROsF9nFC6753Xa9E=, registry: https://registry.npmjs.com/, tarball: https://registry.npmjs.org/once/-/once-1.4.0.tgz}
    name: once
    version: 1.4.0
    dependencies:
      wrappy: registry.npmjs.org/wrappy/1.0.2
    dev: false

  registry.npmjs.org/path-is-absolute/1.0.1:
    resolution: {integrity: sha1-F0uSaHNVNP+8es5r9TpanhtcX18=, registry: https://registry.npmjs.com/, tarball: https://registry.npmjs.org/path-is-absolute/-/path-is-absolute-1.0.1.tgz}
    name: path-is-absolute
    version: 1.0.1
    engines: {node: '>=0.10.0'}
    dev: false

  registry.npmjs.org/path-parse/1.0.7:
    resolution: {integrity: sha512-LDJzPVEEEPR+y48z93A0Ed0yXb8pAByGWo/k5YYdYgpY2/2EsOsksJrq7lOHxryrVOn1ejG6oAp8ahvOIQD8sw==, registry: https://registry.npmjs.com/, tarball: https://registry.npmjs.org/path-parse/-/path-parse-1.0.7.tgz}
    name: path-parse
    version: 1.0.7
    dev: false

  registry.npmjs.org/picomatch/2.3.1:
    resolution: {integrity: sha512-JU3teHTNjmE2VCGFzuY8EXzCDVwEqB2a8fsIvwaStHhAWJEeVd1o1QD80CU6+ZdEXXSLbSsuLwJjkCBWqRQUVA==, registry: https://registry.npmjs.com/, tarball: https://registry.npmjs.org/picomatch/-/picomatch-2.3.1.tgz}
    name: picomatch
    version: 2.3.1
    engines: {node: '>=8.6'}
    dev: false

  registry.npmjs.org/resolve/1.22.0:
    resolution: {integrity: sha512-Hhtrw0nLeSrFQ7phPp4OOcVjLPIeMnRlr5mcnVuMe7M/7eBn98A3hmFRLoFo3DLZkivSYwhRUJTyPyWAk56WLw==, registry: https://registry.npmjs.com/, tarball: https://registry.npmjs.org/resolve/-/resolve-1.22.0.tgz}
    name: resolve
    version: 1.22.0
    hasBin: true
    dependencies:
      is-core-module: registry.npmjs.org/is-core-module/2.8.1
      path-parse: registry.npmjs.org/path-parse/1.0.7
      supports-preserve-symlinks-flag: registry.npmjs.org/supports-preserve-symlinks-flag/1.0.0
    dev: false

  registry.npmjs.org/rollup/2.67.0:
    resolution: {integrity: sha512-W83AaERwvDiHwHEF/dfAfS3z1Be5wf7n+pO3ZAO5IQadCT2lBTr7WQ2MwZZe+nodbD+n3HtC4OCOAdsOPPcKZQ==, registry: https://registry.npmjs.com/, tarball: https://registry.npmjs.org/rollup/-/rollup-2.67.0.tgz}
    name: rollup
    version: 2.67.0
    engines: {node: '>=10.0.0'}
    hasBin: true
    optionalDependencies:
      fsevents: registry.npmjs.org/fsevents/2.3.2
    dev: false

  registry.npmjs.org/semver/7.3.5:
    resolution: {integrity: sha512-PoeGJYh8HK4BTO/a9Tf6ZG3veo/A7ZVsYrSA6J8ny9nb3B1VrpkuN+z9OE5wfE5p6H4LchYZsegiQgbJD94ZFQ==, registry: https://registry.npmjs.com/, tarball: https://registry.npmjs.org/semver/-/semver-7.3.5.tgz}
    name: semver
    version: 7.3.5
    engines: {node: '>=10'}
    hasBin: true
    dependencies:
      lru-cache: registry.npmjs.org/lru-cache/6.0.0
    dev: false

  registry.npmjs.org/sourcemap-codec/1.4.8:
    resolution: {integrity: sha512-9NykojV5Uih4lgo5So5dtw+f0JgJX30KCNI8gwhz2J9A15wD0Ml6tjHKwf6fTSa6fAdVBdZeNOs9eJ71qCk8vA==, registry: https://registry.npmjs.com/, tarball: https://registry.npmjs.org/sourcemap-codec/-/sourcemap-codec-1.4.8.tgz}
    name: sourcemap-codec
    version: 1.4.8
    dev: false

  registry.npmjs.org/supports-preserve-symlinks-flag/1.0.0:
    resolution: {integrity: sha512-ot0WnXS9fgdkgIcePe6RHNk1WA8+muPa6cSjeR3V8K27q9BB1rTE3R1p7Hv0z1ZyAc8s6Vvv8DIyWf681MAt0w==, registry: https://registry.npmjs.com/, tarball: https://registry.npmjs.org/supports-preserve-symlinks-flag/-/supports-preserve-symlinks-flag-1.0.0.tgz}
    name: supports-preserve-symlinks-flag
    version: 1.0.0
    engines: {node: '>= 0.4'}
    dev: false

  registry.npmjs.org/tslab/1.0.15:
    resolution: {integrity: sha512-CKI2iyG4RGsptslUU2c5UaxR/Ro1hOW4nO2p+Yncwn4Vp3RtTquhRmB2GOC6Twtfld1mMPwPxDIFWi7ZqU06ew==, registry: https://registry.npmjs.com/, tarball: https://registry.npmjs.org/tslab/-/tslab-1.0.15.tgz}
    name: tslab
    version: 1.0.15
    hasBin: true
    dependencies:
      '@rollup/plugin-commonjs': registry.npmjs.org/@rollup/plugin-commonjs/13.0.2_rollup@2.67.0
      '@rollup/plugin-node-resolve': registry.npmjs.org/@rollup/plugin-node-resolve/11.2.1_rollup@2.67.0
      '@rollup/plugin-replace': registry.npmjs.org/@rollup/plugin-replace/2.4.2_rollup@2.67.0
      '@tslab/typescript-for-tslab': registry.npmjs.org/@tslab/typescript-for-tslab/4.1.2
      '@types/node': registry.npmjs.org/@types/node/14.18.10
      commander: registry.npmjs.org/commander/6.2.1
      rollup: registry.npmjs.org/rollup/2.67.0
      semver: registry.npmjs.org/semver/7.3.5
      zeromq: registry.npmjs.org/zeromq/6.0.0-beta.6
    dev: false

  registry.npmjs.org/typescript/4.5.5:
    resolution: {integrity: sha512-TCTIul70LyWe6IJWT8QSYeA54WQe8EjQFU4wY52Fasj5UKx88LNYKCgBEHcOMOrFF1rKGbD8v/xcNWVUq9SymA==, registry: https://registry.npmjs.com/, tarball: https://registry.npmjs.org/typescript/-/typescript-4.5.5.tgz}
    name: typescript
    version: 4.5.5
    engines: {node: '>=4.2.0'}
    hasBin: true
    dev: false

  registry.npmjs.org/wrappy/1.0.2:
    resolution: {integrity: sha1-tSQ9jz7BqjXxNkYFvA0QNuMKtp8=, registry: https://registry.npmjs.com/, tarball: https://registry.npmjs.org/wrappy/-/wrappy-1.0.2.tgz}
    name: wrappy
    version: 1.0.2
    dev: false

  registry.npmjs.org/yallist/4.0.0:
    resolution: {integrity: sha512-3wdGidZyq5PB084XLES5TpOSRA3wjXAlIWMhum2kRcv/41Sn2emQ0dycQW4uZXLejwKvg6EsvbdlVL+FYEct7A==, registry: https://registry.npmjs.com/, tarball: https://registry.npmjs.org/yallist/-/yallist-4.0.0.tgz}
    name: yallist
    version: 4.0.0
    dev: false

  registry.npmjs.org/zeromq/6.0.0-beta.6:
    resolution: {integrity: sha512-wLf6M7pBHijl+BRltUL2VoDpgbQcOZetiX8UzycHL8CcYFxYnRrpoG5fi3UX3+Umavz1lk4/dGaQez8qiDgr/Q==, registry: https://registry.npmjs.com/, tarball: https://registry.npmjs.org/zeromq/-/zeromq-6.0.0-beta.6.tgz}
    name: zeromq
    version: 6.0.0-beta.6
    engines: {node: '>= 10.2'}
    requiresBuild: true
    dependencies:
      node-gyp-build: registry.npmjs.org/node-gyp-build/4.3.0
    dev: false
